
Microsoft Visual Studio Solution File, Format Version 12.00
# Visual Studio Version 17
VisualStudioVersion = 17.12.35707.178 d17.12
MinimumVisualStudioVersion = 10.0.40219.1
Project("{FAE04EC0-301F-11D3-BF4B-00C04F79EFBC}") = "Domain", "Domain\Domain.csproj", "{02AE5779-7B04-4DE4-B2C1-A917E9629E5A}"
EndProject
Project("{FAE04EC0-301F-11D3-BF4B-00C04F79EFBC}") = "Infrastructure", "Infrastructure\Infrastructure.csproj", "{98FEC55D-9625-4EBA-96B5-87846C349A2F}"
EndProject
Global
	GlobalSection(SolutionConfigurationPlatforms) = preSolution
		Debug|Any CPU = Debug|Any CPU
		Release|Any CPU = Release|Any CPU
	EndGlobalSection
	GlobalSection(ProjectConfigurationPlatforms) = postSolution
		{02AE5779-7B04-4DE4-B2C1-A917E9629E5A}.Debug|Any CPU.ActiveCfg = Debug|Any CPU
		{02AE5779-7B04-4DE4-B2C1-A917E9629E5A}.Debug|Any CPU.Build.0 = Debug|Any CPU
		{02AE5779-7B04-4DE4-B2C1-A917E9629E5A}.Release|Any CPU.ActiveCfg = Release|Any CPU
		{02AE5779-7B04-4DE4-B2C1-A917E9629E5A}.Release|Any CPU.Build.0 = Release|Any CPU
		{98FEC55D-9625-4EBA-96B5-87846C349A2F}.Debug|Any CPU.ActiveCfg = Debug|Any CPU
		{98FEC55D-9625-4EBA-96B5-87846C349A2F}.Debug|Any CPU.Build.0 = Debug|Any CPU
		{98FEC55D-9625-4EBA-96B5-87846C349A2F}.Release|Any CPU.ActiveCfg = Release|Any CPU
		{98FEC55D-9625-4EBA-96B5-87846C349A2F}.Release|Any CPU.Build.0 = Release|Any CPU
	EndGlobalSection
	GlobalSection(SolutionProperties) = preSolution
		HideSolutionNode = FALSE
	EndGlobalSection
EndGlobal
